{
  "name": "demo",
  "version": "1.0.0",
  "lockfileVersion": 1,
  "requires": true,
  "dependencies": {
    "gibberish-string": {
      "version": "1.0.0",
      "resolved": "https://registry.npmjs.org/gibberish-string/-/gibberish-string-1.0.0.tgz",
      "integrity": "sha512-XFmwkhkWo0LbZVNMGDLmAJWYnuvPjDS3v+gx6gYfYCCKS0/52gjPWkKmUNMu3myr71Yilpccwwiqn6VbjMvTHA=="
    }
  }
}
